
Microsoft Visual Studio Solution File, Format Version 12.00
# Visual Studio 15
Project("{FAE04EC0-301F-11D3-BF4B-00C04F79EFBC}") = "Assembly-CSharp", "Assembly-CSharp.csproj", "{5D018525-265A-5876-59C2-17AECD61F659}"
EndProject
Project("{FAE04EC0-301F-11D3-BF4B-00C04F79EFBC}") = "Assembly-CSharp-firstpass", "Assembly-CSharp-firstpass.csproj", "{514CBD8E-5728-76C5-07EF-971F991B0902}"
EndProject
Project("{FAE04EC0-301F-11D3-BF4B-00C04F79EFBC}") = "Assembly-CSharp-Editor", "Assembly-CSharp-Editor.csproj", "{354038B8-F9B6-ACAD-ABF1-F053B6A45937}"
EndProject
Global
	GlobalSection(SolutionConfigurationPlatforms) = preSolution
		Debug|Any CPU = Debug|Any CPU
		Release|Any CPU = Release|Any CPU
	EndGlobalSection
	GlobalSection(ProjectConfigurationPlatforms) = postSolution
		{5D018525-265A-5876-59C2-17AECD61F659}.Debug|Any CPU.ActiveCfg = Debug|Any CPU
		{5D018525-265A-5876-59C2-17AECD61F659}.Debug|Any CPU.Build.0 = Debug|Any CPU
		{5D018525-265A-5876-59C2-17AECD61F659}.Release|Any CPU.ActiveCfg = Release|Any CPU
		{5D018525-265A-5876-59C2-17AECD61F659}.Release|Any CPU.Build.0 = Release|Any CPU
		{514CBD8E-5728-76C5-07EF-971F991B0902}.Debug|Any CPU.ActiveCfg = Debug|Any CPU
		{514CBD8E-5728-76C5-07EF-971F991B0902}.Debug|Any CPU.Build.0 = Debug|Any CPU
		{514CBD8E-5728-76C5-07EF-971F991B0902}.Release|Any CPU.ActiveCfg = Release|Any CPU
		{514CBD8E-5728-76C5-07EF-971F991B0902}.Release|Any CPU.Build.0 = Release|Any CPU
		{354038B8-F9B6-ACAD-ABF1-F053B6A45937}.Debug|Any CPU.ActiveCfg = Debug|Any CPU
		{354038B8-F9B6-ACAD-ABF1-F053B6A45937}.Debug|Any CPU.Build.0 = Debug|Any CPU
		{354038B8-F9B6-ACAD-ABF1-F053B6A45937}.Release|Any CPU.ActiveCfg = Release|Any CPU
		{354038B8-F9B6-ACAD-ABF1-F053B6A45937}.Release|Any CPU.Build.0 = Release|Any CPU
	EndGlobalSection
	GlobalSection(SolutionProperties) = preSolution
		HideSolutionNode = FALSE
	EndGlobalSection
EndGlobal
